
Microsoft Visual Studio Solution File, Format Version 12.00
# Visual Studio Version 16
VisualStudioVersion = 16.0.31702.278
MinimumVisualStudioVersion = 10.0.40219.1
Project("{9A19103F-16F7-4668-BE54-9A1E7A4F7556}") = "DesafioSemana1", "DesafioSemana1.csproj", "{247992EF-091E-475E-91ED-E5C2E2E557EA}"
EndProject
Global
	GlobalSection(SolutionConfigurationPlatforms) = preSolution
		Debug|Any CPU = Debug|Any CPU
		Release|Any CPU = Release|Any CPU
	EndGlobalSection
	GlobalSection(ProjectConfigurationPlatforms) = postSolution
		{247992EF-091E-475E-91ED-E5C2E2E557EA}.Debug|Any CPU.ActiveCfg = Debug|Any CPU
		{247992EF-091E-475E-91ED-E5C2E2E557EA}.Debug|Any CPU.Build.0 = Debug|Any CPU
		{247992EF-091E-475E-91ED-E5C2E2E557EA}.Release|Any CPU.ActiveCfg = Release|Any CPU
		{247992EF-091E-475E-91ED-E5C2E2E557EA}.Release|Any CPU.Build.0 = Release|Any CPU
	EndGlobalSection
	GlobalSection(SolutionProperties) = preSolution
		HideSolutionNode = FALSE
	EndGlobalSection
	GlobalSection(ExtensibilityGlobals) = postSolution
		SolutionGuid = {A48148AF-6FC3-431B-87AD-8185CA36634C}
	EndGlobalSection
EndGlobal
